
Microsoft Visual Studio Solution File, Format Version 12.00
# Visual Studio Version 17
VisualStudioVersion = 17.12.35514.174 d17.12
MinimumVisualStudioVersion = 10.0.40219.1
Project("{FAE04EC0-301F-11D3-BF4B-00C04F79EFBC}") = "Orders.Backend", "Orders.Backend\Orders.Backend.csproj", "{D3F7AC76-AC22-45AD-AE85-CB0307F685B9}"
EndProject
Project("{FAE04EC0-301F-11D3-BF4B-00C04F79EFBC}") = "Orders.Frontend", "Orders.Frontend\Orders.Frontend.csproj", "{66518286-7F68-423E-87E0-0E703E1B1EB5}"
EndProject
Project("{FAE04EC0-301F-11D3-BF4B-00C04F79EFBC}") = "Orders.Shared", "Orders.Shared\Orders.Shared.csproj", "{741D8AC4-9618-4838-B499-8C519AA102D4}"
EndProject
Project("{FAE04EC0-301F-11D3-BF4B-00C04F79EFBC}") = "Orders.Test", "Orders.Test\Orders.Test.csproj", "{A690E0CB-F416-457B-8F33-9F3DB9A87808}"
EndProject
Global
	GlobalSection(SolutionConfigurationPlatforms) = preSolution
		Debug|Any CPU = Debug|Any CPU
		Release|Any CPU = Release|Any CPU
	EndGlobalSection
	GlobalSection(ProjectConfigurationPlatforms) = postSolution
		{D3F7AC76-AC22-45AD-AE85-CB0307F685B9}.Debug|Any CPU.ActiveCfg = Debug|Any CPU
		{D3F7AC76-AC22-45AD-AE85-CB0307F685B9}.Debug|Any CPU.Build.0 = Debug|Any CPU
		{D3F7AC76-AC22-45AD-AE85-CB0307F685B9}.Release|Any CPU.ActiveCfg = Release|Any CPU
		{D3F7AC76-AC22-45AD-AE85-CB0307F685B9}.Release|Any CPU.Build.0 = Release|Any CPU
		{66518286-7F68-423E-87E0-0E703E1B1EB5}.Debug|Any CPU.ActiveCfg = Debug|Any CPU
		{66518286-7F68-423E-87E0-0E703E1B1EB5}.Debug|Any CPU.Build.0 = Debug|Any CPU
		{66518286-7F68-423E-87E0-0E703E1B1EB5}.Release|Any CPU.ActiveCfg = Release|Any CPU
		{66518286-7F68-423E-87E0-0E703E1B1EB5}.Release|Any CPU.Build.0 = Release|Any CPU
		{741D8AC4-9618-4838-B499-8C519AA102D4}.Debug|Any CPU.ActiveCfg = Debug|Any CPU
		{741D8AC4-9618-4838-B499-8C519AA102D4}.Debug|Any CPU.Build.0 = Debug|Any CPU
		{741D8AC4-9618-4838-B499-8C519AA102D4}.Release|Any CPU.ActiveCfg = Release|Any CPU
		{741D8AC4-9618-4838-B499-8C519AA102D4}.Release|Any CPU.Build.0 = Release|Any CPU
		{A690E0CB-F416-457B-8F33-9F3DB9A87808}.Debug|Any CPU.ActiveCfg = Debug|Any CPU
		{A690E0CB-F416-457B-8F33-9F3DB9A87808}.Debug|Any CPU.Build.0 = Debug|Any CPU
		{A690E0CB-F416-457B-8F33-9F3DB9A87808}.Release|Any CPU.ActiveCfg = Release|Any CPU
		{A690E0CB-F416-457B-8F33-9F3DB9A87808}.Release|Any CPU.Build.0 = Release|Any CPU
	EndGlobalSection
	GlobalSection(SolutionProperties) = preSolution
		HideSolutionNode = FALSE
	EndGlobalSection
EndGlobal
